<?xml version="1.0" encoding="utf-8"?>
<Project ToolsVersion="4.0" xmlns="http://schemas.microsoft.com/developer/msbuild/2003">
  <ItemGroup>
    <ClCompile Include="lib\Camera.cpp" />
    <ClCompile Include="lib\InputManager.cpp" />
    <ClCompile Include="lib\Joint.cpp" />
    <ClCompile Include="lib\Map.cpp" />
    <ClCompile Include="lib\Object.cpp" />
    <ClCompile Include="lib\Render.cpp" />
    <ClCompile Include="lib\RenderProgram.cpp" />
    <ClCompile Include="lib\tinyxml2.cpp" />
    <ClCompile Include="lib\Texture.cpp" />
    <ClCompile Include="Main.cpp" />
    <ClCompile Include="lib\Animation.cpp" />
    <ClCompile Include="lib\Animator.cpp" />
    <ClCompile Include="lib\JointTransform.cpp" />
    <ClCompile Include="lib\Keyframe.cpp" />
  </ItemGroup>
  <ItemGroup>
    <ClInclude Include="lib\Camera.h" />
    <ClInclude Include="lib\Common.h" />
    <ClInclude Include="lib\InputManager.h" />
    <ClInclude Include="lib\Joint.h" />
    <ClInclude Include="lib\Map.h" />
    <ClInclude Include="lib\Object.h" />
    <ClInclude Include="lib\Render.h" />
    <ClInclude Include="lib\RenderProgram.h" />
    <ClInclude Include="lib\tinyxml2.h" />
    <ClInclude Include="lib\Texture.h" />
    <ClInclude Include="lib\vertex.h" />
    <ClInclude Include="lib\Animation.h" />
    <ClInclude Include="lib\Animator.h" />
    <ClInclude Include="lib\JointTransform.h" />
    <ClInclude Include="lib\Keyframe.h" />
  </ItemGroup>
  <ItemGroup>
    <None Include="data\cube.trs" />
    <None Include="data\ground.trs" />
    <None Include="data\shader.frag" />
    <None Include="data\shader.vert" />
    <None Include="data\triangle.trs" />
    <None Include="data\triangulated.dae" />
    <None Include="data\playerShader.vert" />
  </ItemGroup>
</Project>